Lr! D�CDD�R3�91!4�!!H,@�D@�-���yhrG���i�+����}4��슉��Z޲�oy�m��?�����k�&��� r��i�+������i�+��������3i�_��<}�^q���~<���g�뇷ٮ|o~�u�^�קr'�i�+�}8i�+�}8��슉��J޲�oy�m��?�����k�&��� r��i�+���i�+�����3㗷�����kw�嶞{w��~�{f�����^�i�+��5��슉�ӊ޲�oy�m��?�����k�&��� r��i�+���i�+��4��3׶�w��k�8y�w�5��=i��۾����}j;��찢�l�M/z�"�}yҷ��[�vm�����"���ɪ�H�oڎ��{,(��?������
+vϵ�K`��u{�9��}�7{GZ}�5�ݽ㽞q�x馶q���/z�"�~5ӊ޲�oy�m��?�����k�&��� r��j;������5Ӌ`��=�]�F��=�=�޴�F��͜��}�}��שzw^�Ȟ��8�H�����{�-�)�����V��	���m�]Z�('�ױ�Mw��슉�׊޲�oy�m��?�����k�&��� r��jX���^�����b��{~�^-�=w��t�w����ݹ�Ͷo�:���}�u׷^���zw"z�"�ߨ}6���z�u�Zޥ���k�x5�f�u��